DEPENDENCIES
  base

GRAPH
  7-zip (1.0.2)
    windows (>= 1.2.2)
  apt (2.9.2)
  ark (0.9.0)
    7-zip (>= 0.0.0)
    windows (>= 0.0.0)
  base (0.4.0)
    apt (~> 2.0)
    chef-client (~> 4.0)
    core (~> 0.0)
    git (~> 0.0)
    ruby (~> 0.0)
    runit (~> 1.0)
    sudo (~> 2.0)
    user (~> 0.0)
  build-essential (2.2.4)
  chef-client (4.3.2)
    cron (>= 1.2.0)
    logrotate (>= 1.2.0)
    windows (~> 1.37)
  chef_handler (1.2.0)
  core (0.1.1)
  cron (1.7.3)
  git (0.1.0)
    apt (~> 2.0)
    ark (~> 0.9)
    build-essential (~> 2.0)
    core (~> 0.0)
  logrotate (1.9.2)
  packagecloud (0.1.1)
  ruby (0.1.0)
    apt (~> 2.0)
    ark (~> 0.0)
    core (~> 0.0)
  runit (1.7.6)
    packagecloud (>= 0.0.0)
  sudo (2.7.2)
  user (0.4.2)
  windows (1.39.0)
    chef_handler (>= 0.0.0)
